
Microsoft Visual Studio Solution File, Format Version 12.00
# Visual Studio 15
VisualStudioVersion = 15.0.27130.2036
MinimumVisualStudioVersion = 10.0.40219.1
Project("{FAE04EC0-301F-11D3-BF4B-00C04F79EFBC}") = "PurpleAir", "PurpleAir\PurpleAir.csproj", "{C4A36F15-C63B-4ADB-856D-DF8C2600EE82}"
EndProject
Project("{2150E333-8FDC-42A3-9474-1A3956D46DE8}") = "Solution Items", "Solution Items", "{B1391C63-12E9-4A6D-969C-E14633AD3F5D}"
	ProjectSection(SolutionItems) = preProject
		AQI-Good.png = AQI-Good.png
		AQI-Hazardous.png = AQI-Hazardous.png
		AQI-Moderate.png = AQI-Moderate.png
		AQI-UnhealthSG.png = AQI-UnhealthSG.png
		AQI-Unhealthy.png = AQI-Unhealthy.png
		AQI-VeryUnhealthy.png = AQI-VeryUnhealthy.png
	EndProjectSection
EndProject
Global
	GlobalSection(SolutionConfigurationPlatforms) = preSolution
		Debug|Any CPU = Debug|Any CPU
		Release|Any CPU = Release|Any CPU
	EndGlobalSection
	GlobalSection(ProjectConfigurationPlatforms) = postSolution
		{C4A36F15-C63B-4ADB-856D-DF8C2600EE82}.Debug|Any CPU.ActiveCfg = Debug|Any CPU
		{C4A36F15-C63B-4ADB-856D-DF8C2600EE82}.Debug|Any CPU.Build.0 = Debug|Any CPU
		{C4A36F15-C63B-4ADB-856D-DF8C2600EE82}.Release|Any CPU.ActiveCfg = Release|Any CPU
		{C4A36F15-C63B-4ADB-856D-DF8C2600EE82}.Release|Any CPU.Build.0 = Release|Any CPU
	EndGlobalSection
	GlobalSection(SolutionProperties) = preSolution
		HideSolutionNode = FALSE
	EndGlobalSection
	GlobalSection(ExtensibilityGlobals) = postSolution
		SolutionGuid = {7E0B0ACE-AA80-40A9-A6CC-0B0F2ABF7EC0}
	EndGlobalSection
EndGlobal
